// !$*UTF8*$!
{
	archiveVersion = 1;
	classes = {
	};
	objectVersion = 50;
	objects = {

/* Begin PBXBuildFile section */
		5756F5CC23A5226E00F4375E /* AppSettings.swift in Sources */ = {isa = PBXBuildFile; fileRef = 5756F5CB23A5226E00F4375E /* AppSettings.swift */; };
		5756F5CE23A526F300F4375E /* AppSettingsViewController.swift in Sources */ = {isa = PBXBuildFile; fileRef = 5756F5CD23A526F300F4375E /* AppSettingsViewController.swift */; };
		57747FB5239CA7B600631A94 /* AppDelegate.swift in Sources */ = {isa = PBXBuildFile; fileRef = 57747FB4239CA7B600631A94 /* AppDelegate.swift */; };
		57747FB7239CA7B600631A94 /* SceneDelegate.swift in Sources */ = {isa = PBXBuildFile; fileRef = 57747FB6239CA7B600631A94 /* SceneDelegate.swift */; };
		57747FB9239CA7B600631A94 /* QuestionViewController.swift in Sources */ = {isa = PBXBuildFile; fileRef = 57747FB8239CA7B600631A94 /* QuestionViewController.swift */; };
		57747FBC239CA7B600631A94 /* Main.storyboard in Resources */ = {isa = PBXBuildFile; fileRef = 57747FBA239CA7B600631A94 /* Main.storyboard */; };
		57747FCF239CAD9500631A94 /* Question.swift in Sources */ = {isa = PBXBuildFile; fileRef = 57747FCE239CAD9500631A94 /* Question.swift */; };
		57747FD1239CADE600631A94 /* QuestionGroup.swift in Sources */ = {isa = PBXBuildFile; fileRef = 57747FD0239CADE600631A94 /* QuestionGroup.swift */; };
		57747FD3239CAE9800631A94 /* QuestionGroupData.swift in Sources */ = {isa = PBXBuildFile; fileRef = 57747FD2239CAE9800631A94 /* QuestionGroupData.swift */; };
		57747FD5239CB4A000631A94 /* Assets.xcassets in Resources */ = {isa = PBXBuildFile; fileRef = 57747FD4239CB4A000631A94 /* Assets.xcassets */; };
		57747FD7239CB4D500631A94 /* LaunchScreen.storyboard in Resources */ = {isa = PBXBuildFile; fileRef = 57747FD6239CB4D500631A94 /* LaunchScreen.storyboard */; };
		57747FD9239CB5A000631A94 /* QuestionView.swift in Sources */ = {isa = PBXBuildFile; fileRef = 57747FD8239CB5A000631A94 /* QuestionView.swift */; };
		57900C80239CE9C50060708F /* SelectQuestionGroupViewController.swift in Sources */ = {isa = PBXBuildFile; fileRef = 57900C7F239CE9C50060708F /* SelectQuestionGroupViewController.swift */; };
		57900C82239CEAFA0060708F /* QuestionGroupCell.swift in Sources */ = {isa = PBXBuildFile; fileRef = 57900C81239CEAFA0060708F /* QuestionGroupCell.swift */; };
		57900C85239D2C780060708F /* QuestionStrategy.swift in Sources */ = {isa = PBXBuildFile; fileRef = 57900C84239D2C780060708F /* QuestionStrategy.swift */; };
		57900C87239D2DDF0060708F /* SequentialQuestionStrategy.swift in Sources */ = {isa = PBXBuildFile; fileRef = 57900C86239D2DDF0060708F /* SequentialQuestionStrategy.swift */; };
		57900C89239D2F9A0060708F /* RandomQuestionStrategy.swift in Sources */ = {isa = PBXBuildFile; fileRef = 57900C88239D2F9A0060708F /* RandomQuestionStrategy.swift */; };
/* End PBXBuildFile section */

/* Begin PBXFileReference section */
		5756F5CB23A5226E00F4375E /* AppSettings.swift */ = {isa = PBXFileReference; lastKnownFileType = sourcecode.swift; path = AppSettings.swift; sourceTree = "<group>"; };
		5756F5CD23A526F300F4375E /* AppSettingsViewController.swift */ = {isa = PBXFileReference; lastKnownFileType = sourcecode.swift; path = AppSettingsViewController.swift; sourceTree = "<group>"; };
		57747FB1239CA7B600631A94 /* MVC.app */ = {isa = PBXFileReference; explicitFileType = wrapper.application; includeInIndex = 0; path = MVC.app; sourceTree = BUILT_PRODUCTS_DIR; };
		57747FB4239CA7B600631A94 /* AppDelegate.swift */ = {isa = PBXFileReference; lastKnownFileType = sourcecode.swift; path = AppDelegate.swift; sourceTree = "<group>"; };
		57747FB6239CA7B600631A94 /* SceneDelegate.swift */ = {isa = PBXFileReference; lastKnownFileType = sourcecode.swift; path = SceneDelegate.swift; sourceTree = "<group>"; };
		57747FB8239CA7B600631A94 /* QuestionViewController.swift */ = {isa = PBXFileReference; lastKnownFileType = sourcecode.swift; path = QuestionViewController.swift; sourceTree = "<group>"; };
		57747FBB239CA7B600631A94 /* Base */ = {isa = PBXFileReference; lastKnownFileType = file.storyboard; name = Base; path = Base.lproj/Main.storyboard; sourceTree = "<group>"; };
		57747FC2239CA7B700631A94 /* Info.plist */ = {isa = PBXFileReference; lastKnownFileType = text.plist.xml; path = Info.plist; sourceTree = "<group>"; };
		57747FCE239CAD9500631A94 /* Question.swift */ = {isa = PBXFileReference; lastKnownFileType = sourcecode.swift; path = Question.swift; sourceTree = "<group>"; };
		57747FD0239CADE600631A94 /* QuestionGroup.swift */ = {isa = PBXFileReference; lastKnownFileType = sourcecode.swift; path = QuestionGroup.swift; sourceTree = "<group>"; };
		57747FD2239CAE9800631A94 /* QuestionGroupData.swift */ = {isa = PBXFileReference; fileEncoding = 4; lastKnownFileType = sourcecode.swift; path = QuestionGroupData.swift; sourceTree = "<group>"; };
		57747FD4239CB4A000631A94 /* Assets.xcassets */ = {isa = PBXFileReference; lastKnownFileType = folder.assetcatalog; path = Assets.xcassets; sourceTree = "<group>"; };
		57747FD6239CB4D500631A94 /* LaunchScreen.storyboard */ = {isa = PBXFileReference; fileEncoding = 4; lastKnownFileType = file.storyboard; path = LaunchScreen.storyboard; sourceTree = "<group>"; };
		57747FD8239CB5A000631A94 /* QuestionView.swift */ = {isa = PBXFileReference; lastKnownFileType = sourcecode.swift; path = QuestionView.swift; sourceTree = "<group>"; };
		57900C7F239CE9C50060708F /* SelectQuestionGroupViewController.swift */ = {isa = PBXFileReference; lastKnownFileType = sourcecode.swift; path = SelectQuestionGroupViewController.swift; sourceTree = "<group>"; };
		57900C81239CEAFA0060708F /* QuestionGroupCell.swift */ = {isa = PBXFileReference; lastKnownFileType = sourcecode.swift; path = QuestionGroupCell.swift; sourceTree = "<group>"; };
		57900C84239D2C780060708F /* QuestionStrategy.swift */ = {isa = PBXFileReference; lastKnownFileType = sourcecode.swift; path = QuestionStrategy.swift; sourceTree = "<group>"; };
		57900C86239D2DDF0060708F /* SequentialQuestionStrategy.swift */ = {isa = PBXFileReference; lastKnownFileType = sourcecode.swift; path = SequentialQuestionStrategy.swift; sourceTree = "<group>"; };
		57900C88239D2F9A0060708F /* RandomQuestionStrategy.swift */ = {isa = PBXFileReference; lastKnownFileType = sourcecode.swift; path = RandomQuestionStrategy.swift; sourceTree = "<group>"; };
/* End PBXFileReference section */

/* Begin PBXFrameworksBuildPhase section */
		57747FAE239CA7B600631A94 /* Frameworks */ = {
			isa = PBXFrameworksBuildPhase;
			buildActionMask = 2147483647;
			files = (
			);
			runOnlyForDeploymentPostprocessing = 0;
		};
/* End PBXFrameworksBuildPhase section */

/* Begin PBXGroup section */
		57747FA8239CA7B600631A94 = {
			isa = PBXGroup;
			children = (
				57747FB3239CA7B600631A94 /* MVC */,
				57747FB2239CA7B600631A94 /* Products */,
			);
			sourceTree = "<group>";
		};
		57747FB2239CA7B600631A94 /* Products */ = {
			isa = PBXGroup;
			children = (
				57747FB1239CA7B600631A94 /* MVC.app */,
			);
			name = Products;
			sourceTree = "<group>";
		};
		57747FB3239CA7B600631A94 /* MVC */ = {
			isa = PBXGroup;
			children = (
				57747FC8239CABCC00631A94 /* AppDelegate */,
				57747FCC239CABF400631A94 /* Controllers */,
				57747FCB239CABF200631A94 /* Models */,
				57747FCA239CABF000631A94 /* Resources */,
				57900C83239D2C420060708F /* Strategies */,
				57747FCD239CAC0C00631A94 /* Views */,
			);
			path = MVC;
			sourceTree = "<group>";
		};
		57747FC8239CABCC00631A94 /* AppDelegate */ = {
			isa = PBXGroup;
			children = (
				57747FB4239CA7B600631A94 /* AppDelegate.swift */,
				57747FB6239CA7B600631A94 /* SceneDelegate.swift */,
			);
			path = AppDelegate;
			sourceTree = "<group>";
		};
		57747FCA239CABF000631A94 /* Resources */ = {
			isa = PBXGroup;
			children = (
				57747FC2239CA7B700631A94 /* Info.plist */,
				57747FD4239CB4A000631A94 /* Assets.xcassets */,
			);
			path = Resources;
			sourceTree = "<group>";
		};
		57747FCB239CABF200631A94 /* Models */ = {
			isa = PBXGroup;
			children = (
				57747FCE239CAD9500631A94 /* Question.swift */,
				57747FD0239CADE600631A94 /* QuestionGroup.swift */,
				57747FD2239CAE9800631A94 /* QuestionGroupData.swift */,
				5756F5CB23A5226E00F4375E /* AppSettings.swift */,
			);
			path = Models;
			sourceTree = "<group>";
		};
		57747FCC239CABF400631A94 /* Controllers */ = {
			isa = PBXGroup;
			children = (
				57747FB8239CA7B600631A94 /* QuestionViewController.swift */,
				57900C7F239CE9C50060708F /* SelectQuestionGroupViewController.swift */,
				5756F5CD23A526F300F4375E /* AppSettingsViewController.swift */,
			);
			path = Controllers;
			sourceTree = "<group>";
		};
		57747FCD239CAC0C00631A94 /* Views */ = {
			isa = PBXGroup;
			children = (
				57747FBA239CA7B600631A94 /* Main.storyboard */,
				57747FD6239CB4D500631A94 /* LaunchScreen.storyboard */,
				57747FD8239CB5A000631A94 /* QuestionView.swift */,
				57900C81239CEAFA0060708F /* QuestionGroupCell.swift */,
			);
			path = Views;
			sourceTree = "<group>";
		};
		57900C83239D2C420060708F /* Strategies */ = {
			isa = PBXGroup;
			children = (
				57900C84239D2C780060708F /* QuestionStrategy.swift */,
				57900C86239D2DDF0060708F /* SequentialQuestionStrategy.swift */,
				57900C88239D2F9A0060708F /* RandomQuestionStrategy.swift */,
			);
			path = Strategies;
			sourceTree = "<group>";
		};
/* End PBXGroup section */

/* Begin PBXNativeTarget section */
		57747FB0239CA7B600631A94 /* MVC */ = {
			isa = PBXNativeTarget;
			buildConfigurationList = 57747FC5239CA7B700631A94 /* Build configuration list for PBXNativeTarget "MVC" */;
			buildPhases = (
				57747FAD239CA7B600631A94 /* Sources */,
				57747FAE239CA7B600631A94 /* Frameworks */,
				57747FAF239CA7B600631A94 /* Resources */,
			);
			buildRules = (
			);
			dependencies = (
			);
			name = MVC;
			productName = MVC;
			productReference = 57747FB1239CA7B600631A94 /* MVC.app */;
			productType = "com.apple.product-type.application";
		};
/* End PBXNativeTarget section */

/* Begin PBXProject section */
		57747FA9239CA7B600631A94 /* Project object */ = {
			isa = PBXProject;
			attributes = {
				LastSwiftUpdateCheck = 1120;
				LastUpgradeCheck = 1120;
				ORGANIZATIONNAME = victor;
				TargetAttributes = {
					57747FB0239CA7B600631A94 = {
						CreatedOnToolsVersion = 11.2.1;
					};
				};
			};
			buildConfigurationList = 57747FAC239CA7B600631A94 /* Build configuration list for PBXProject "MVC" */;
			compatibilityVersion = "Xcode 9.3";
			developmentRegion = en;
			hasScannedForEncodings = 0;
			knownRegions = (
				en,
				Base,
			);
			mainGroup = 57747FA8239CA7B600631A94;
			productRefGroup = 57747FB2239CA7B600631A94 /* Products */;
			projectDirPath = "";
			projectRoot = "";
			targets = (
				57747FB0239CA7B600631A94 /* MVC */,
			);
		};
/* End PBXProject section */

/* Begin PBXResourcesBuildPhase section */
		57747FAF239CA7B600631A94 /* Resources */ = {
			isa = PBXResourcesBuildPhase;
			buildActionMask = 2147483647;
			files = (
				57747FD7239CB4D500631A94 /* LaunchScreen.storyboard in Resources */,
				57747FD5239CB4A000631A94 /* Assets.xcassets in Resources */,
				57747FBC239CA7B600631A94 /* Main.storyboard in Resources */,
			);
			runOnlyForDeploymentPostprocessing = 0;
		};
/* End PBXResourcesBuildPhase section */

/* Begin PBXSourcesBuildPhase section */
		57747FAD239CA7B600631A94 /* Sources */ = {
			isa = PBXSourcesBuildPhase;
			buildActionMask = 2147483647;
			files = (
				5756F5CC23A5226E00F4375E /* AppSettings.swift in Sources */,
				57747FB9239CA7B600631A94 /* QuestionViewController.swift in Sources */,
				57747FCF239CAD9500631A94 /* Question.swift in Sources */,
				57747FB5239CA7B600631A94 /* AppDelegate.swift in Sources */,
				57747FD9239CB5A000631A94 /* QuestionView.swift in Sources */,
				57747FD3239CAE9800631A94 /* QuestionGroupData.swift in Sources */,
				57900C82239CEAFA0060708F /* QuestionGroupCell.swift in Sources */,
				57900C87239D2DDF0060708F /* SequentialQuestionStrategy.swift in Sources */,
				57900C89239D2F9A0060708F /* RandomQuestionStrategy.swift in Sources */,
				57900C85239D2C780060708F /* QuestionStrategy.swift in Sources */,
				57747FD1239CADE600631A94 /* QuestionGroup.swift in Sources */,
				5756F5CE23A526F300F4375E /* AppSettingsViewController.swift in Sources */,
				57900C80239CE9C50060708F /* SelectQuestionGroupViewController.swift in Sources */,
				57747FB7239CA7B600631A94 /* SceneDelegate.swift in Sources */,
			);
			runOnlyForDeploymentPostprocessing = 0;
		};
/* End PBXSourcesBuildPhase section */

/* Begin PBXVariantGroup section */
		57747FBA239CA7B600631A94 /* Main.storyboard */ = {
			isa = PBXVariantGroup;
			children = (
				57747FBB239CA7B600631A94 /* Base */,
			);
			name = Main.storyboard;
			sourceTree = "<group>";
		};
/* End PBXVariantGroup section */

/* Begin XCBuildConfiguration section */
		57747FC3239CA7B700631A94 /* Debug */ = {
			isa = XCBuildConfiguration;
			buildSettings = {
				ALWAYS_SEARCH_USER_PATHS = NO;
				CLANG_ANALYZER_NONNULL = YES;
				CLANG_ANALYZER_NUMBER_OBJECT_CONVERSION = YES_AGGRESSIVE;
				CLANG_CXX_LANGUAGE_STANDARD = "gnu++14";
				CLANG_CXX_LIBRARY = "libc++";
				CLANG_ENABLE_MODULES = YES;
				CLANG_ENABLE_OBJC_ARC = YES;
				CLANG_ENABLE_OBJC_WEAK = YES;
				CLANG_WARN_BLOCK_CAPTURE_AUTORELEASING = YES;
				CLANG_WARN_BOOL_CONVERSION = YES;
				CLANG_WARN_COMMA = YES;
				CLANG_WARN_CONSTANT_CONVERSION = YES;
				CLANG_WARN_DEPRECATED_OBJC_IMPLEMENTATIONS = YES;
				CLANG_WARN_DIRECT_OBJC_ISA_USAGE = YES_ERROR;
				CLANG_WARN_DOCUMENTATION_COMMENTS = YES;
				CLANG_WARN_EMPTY_BODY = YES;
				CLANG_WARN_ENUM_CONVERSION = YES;
				CLANG_WARN_INFINITE_RECURSION = YES;
				CLANG_WARN_INT_CONVERSION = YES;
				CLANG_WARN_NON_LITERAL_NULL_CONVERSION = YES;
				CLANG_WARN_OBJC_IMPLICIT_RETAIN_SELF = YES;
				CLANG_WARN_OBJC_LITERAL_CONVERSION = YES;
				CLANG_WARN_OBJC_ROOT_CLASS = YES_ERROR;
				CLANG_WARN_RANGE_LOOP_ANALYSIS = YES;
				CLANG_WARN_STRICT_PROTOTYPES = YES;
				CLANG_WARN_SUSPICIOUS_MOVE = YES;
				CLANG_WARN_UNGUARDED_AVAILABILITY = YES_AGGRESSIVE;
				CLANG_WARN_UNREACHABLE_CODE = YES;
				CLANG_WARN__DUPLICATE_METHOD_MATCH = YES;
				COPY_PHASE_STRIP = NO;
				DEBUG_INFORMATION_FORMAT = dwarf;
				ENABLE_STRICT_OBJC_MSGSEND = YES;
				ENABLE_TESTABILITY = YES;
				GCC_C_LANGUAGE_STANDARD = gnu11;
				GCC_DYNAMIC_NO_PIC = NO;
				GCC_NO_COMMON_BLOCKS = YES;
				GCC_OPTIMIZATION_LEVEL = 0;
				GCC_PREPROCESSOR_DEFINITIONS = (
					"DEBUG=1",
					"$(inherited)",
				);
				GCC_WARN_64_TO_32_BIT_CONVERSION = YES;
				GCC_WARN_ABOUT_RETURN_TYPE = YES_ERROR;
				GCC_WARN_UNDECLARED_SELECTOR = YES;
				GCC_WARN_UNINITIALIZED_AUTOS = YES_AGGRESSIVE;
				GCC_WARN_UNUSED_FUNCTION = YES;
				GCC_WARN_UNUSED_VARIABLE = YES;
				IPHONEOS_DEPLOYMENT_TARGET = 13.2;
				MTL_ENABLE_DEBUG_INFO = INCLUDE_SOURCE;
				MTL_FAST_MATH = YES;
				ONLY_ACTIVE_ARCH = YES;
				SDKROOT = iphoneos;
				SWIFT_ACTIVE_COMPILATION_CONDITIONS = DEBUG;
				SWIFT_OPTIMIZATION_LEVEL = "-Onone";
			};
			name = Debug;
		};
		57747FC4239CA7B700631A94 /* Release */ = {
			isa = XCBuildConfiguration;
			buildSettings = {
				ALWAYS_SEARCH_USER_PATHS = NO;
				CLANG_ANALYZER_NONNULL = YES;
				CLANG_ANALYZER_NUMBER_OBJECT_CONVERSION = YES_AGGRESSIVE;
				CLANG_CXX_LANGUAGE_STANDARD = "gnu++14";
				CLANG_CXX_LIBRARY = "libc++";
				CLANG_ENABLE_MODULES = YES;
				CLANG_ENABLE_OBJC_ARC = YES;
				CLANG_ENABLE_OBJC_WEAK = YES;
				CLANG_WARN_BLOCK_CAPTURE_AUTORELEASING = YES;
				CLANG_WARN_BOOL_CONVERSION = YES;
				CLANG_WARN_COMMA = YES;
				CLANG_WARN_CONSTANT_CONVERSION = YES;
				CLANG_WARN_DEPRECATED_OBJC_IMPLEMENTATIONS = YES;
				CLANG_WARN_DIRECT_OBJC_ISA_USAGE = YES_ERROR;
				CLANG_WARN_DOCUMENTATION_COMMENTS = YES;
				CLANG_WARN_EMPTY_BODY = YES;
				CLANG_WARN_ENUM_CONVERSION = YES;
				CLANG_WARN_INFINITE_RECURSION = YES;
				CLANG_WARN_INT_CONVERSION = YES;
				CLANG_WARN_NON_LITERAL_NULL_CONVERSION = YES;
				CLANG_WARN_OBJC_IMPLICIT_RETAIN_SELF = YES;
				CLANG_WARN_OBJC_LITERAL_CONVERSION = YES;
				CLANG_WARN_OBJC_ROOT_CLASS = YES_ERROR;
				CLANG_WARN_RANGE_LOOP_ANALYSIS = YES;
				CLANG_WARN_STRICT_PROTOTYPES = YES;
				CLANG_WARN_SUSPICIOUS_MOVE = YES;
				CLANG_WARN_UNGUARDED_AVAILABILITY = YES_AGGRESSIVE;
				CLANG_WARN_UNREACHABLE_CODE = YES;
				CLANG_WARN__DUPLICATE_METHOD_MATCH = YES;
				COPY_PHASE_STRIP = NO;
				DEBUG_INFORMATION_FORMAT = "dwarf-with-dsym";
				ENABLE_NS_ASSERTIONS = NO;
				ENABLE_STRICT_OBJC_MSGSEND = YES;
				GCC_C_LANGUAGE_STANDARD = gnu11;
				GCC_NO_COMMON_BLOCKS = YES;
				GCC_WARN_64_TO_32_BIT_CONVERSION = YES;
				GCC_WARN_ABOUT_RETURN_TYPE = YES_ERROR;
				GCC_WARN_UNDECLARED_SELECTOR = YES;
				GCC_WARN_UNINITIALIZED_AUTOS = YES_AGGRESSIVE;
				GCC_WARN_UNUSED_FUNCTION = YES;
				GCC_WARN_UNUSED_VARIABLE = YES;
				IPHONEOS_DEPLOYMENT_TARGET = 13.2;
				MTL_ENABLE_DEBUG_INFO = NO;
				MTL_FAST_MATH = YES;
				SDKROOT = iphoneos;
				SWIFT_COMPILATION_MODE = wholemodule;
				SWIFT_OPTIMIZATION_LEVEL = "-O";
				VALIDATE_PRODUCT = YES;
			};
			name = Release;
		};
		57747FC6239CA7B700631A94 /* Debug */ = {
			isa = XCBuildConfiguration;
			buildSettings = {
				ASSETCATALOG_COMPILER_APPICON_NAME = AppIcon;
				CODE_SIGN_STYLE = Automatic;
				INFOPLIST_FILE = MVC/Resources/Info.plist;
				LD_RUNPATH_SEARCH_PATHS = (
					"$(inherited)",
					"@executable_path/Frameworks",
				);
				PRODUCT_BUNDLE_IDENTIFIER = com.victor.MVC;
				PRODUCT_NAME = "$(TARGET_NAME)";
				SWIFT_VERSION = 5.0;
				TARGETED_DEVICE_FAMILY = "1,2";
			};
			name = Debug;
		};
		57747FC7239CA7B700631A94 /* Release */ = {
			isa = XCBuildConfiguration;
			buildSettings = {
				ASSETCATALOG_COMPILER_APPICON_NAME = AppIcon;
				CODE_SIGN_STYLE = Automatic;
				INFOPLIST_FILE = MVC/Resources/Info.plist;
				LD_RUNPATH_SEARCH_PATHS = (
					"$(inherited)",
					"@executable_path/Frameworks",
				);
				PRODUCT_BUNDLE_IDENTIFIER = com.victor.MVC;
				PRODUCT_NAME = "$(TARGET_NAME)";
				SWIFT_VERSION = 5.0;
				TARGETED_DEVICE_FAMILY = "1,2";
			};
			name = Release;
		};
/* End XCBuildConfiguration section */

/* Begin XCConfigurationList section */
		57747FAC239CA7B600631A94 /* Build configuration list for PBXProject "MVC" */ = {
			isa = XCConfigurationList;
			buildConfigurations = (
				57747FC3239CA7B700631A94 /* Debug */,
				57747FC4239CA7B700631A94 /* Release */,
			);
			defaultConfigurationIsVisible = 0;
			defaultConfigurationName = Release;
		};
		57747FC5239CA7B700631A94 /* Build configuration list for PBXNativeTarget "MVC" */ = {
			isa = XCConfigurationList;
			buildConfigurations = (
				57747FC6239CA7B700631A94 /* Debug */,
				57747FC7239CA7B700631A94 /* Release */,
			);
			defaultConfigurationIsVisible = 0;
			defaultConfigurationName = Release;
		};
/* End XCConfigurationList section */
	};
	rootObject = 57747FA9239CA7B600631A94 /* Project object */;
}
